// !$*UTF8*$!
{
	archiveVersion = 1;
	classes = {
	};
	objectVersion = 55;
	objects = {

/* Begin PBXBuildFile section */
		30676FEA270C97D8003A31B9 /* Tests_iOS.swift in Sources */ = {isa = PBXBuildFile; fileRef = 30676FE9270C97D8003A31B9 /* Tests_iOS.swift */; };
		30676FEC270C97D8003A31B9 /* Tests_iOSLaunchTests.swift in Sources */ = {isa = PBXBuildFile; fileRef = 30676FEB270C97D8003A31B9 /* Tests_iOSLaunchTests.swift */; };
		30676FF6270C97D8003A31B9 /* Tests_macOS.swift in Sources */ = {isa = PBXBuildFile; fileRef = 30676FF5270C97D8003A31B9 /* Tests_macOS.swift */; };
		30676FF8270C97D8003A31B9 /* Tests_macOSLaunchTests.swift in Sources */ = {isa = PBXBuildFile; fileRef = 30676FF7270C97D8003A31B9 /* Tests_macOSLaunchTests.swift */; };
		30676FF9270C97D8003A31B9 /* Herbpt1_16SApp.swift in Sources */ = {isa = PBXBuildFile; fileRef = 30676FCD270C97D7003A31B9 /* Herbpt1_16SApp.swift */; };
		30676FFA270C97D8003A31B9 /* Herbpt1_16SApp.swift in Sources */ = {isa = PBXBuildFile; fileRef = 30676FCD270C97D7003A31B9 /* Herbpt1_16SApp.swift */; };
		30676FFB270C97D8003A31B9 /* Herbpt1_16SDocument.swift in Sources */ = {isa = PBXBuildFile; fileRef = 30676FCE270C97D7003A31B9 /* Herbpt1_16SDocument.swift */; };
		30676FFC270C97D8003A31B9 /* Herbpt1_16SDocument.swift in Sources */ = {isa = PBXBuildFile; fileRef = 30676FCE270C97D7003A31B9 /* Herbpt1_16SDocument.swift */; };
		30676FFD270C97D8003A31B9 /* ContentView.swift in Sources */ = {isa = PBXBuildFile; fileRef = 30676FCF270C97D7003A31B9 /* ContentView.swift */; };
		30676FFE270C97D8003A31B9 /* ContentView.swift in Sources */ = {isa = PBXBuildFile; fileRef = 30676FCF270C97D7003A31B9 /* ContentView.swift */; };
		30676FFF270C97D8003A31B9 /* Assets.xcassets in Resources */ = {isa = PBXBuildFile; fileRef = 30676FD0270C97D8003A31B9 /* Assets.xcassets */; };
		30677000270C97D8003A31B9 /* Assets.xcassets in Resources */ = {isa = PBXBuildFile; fileRef = 30676FD0270C97D8003A31B9 /* Assets.xcassets */; };
/* End PBXBuildFile section */

/* Begin PBXContainerItemProxy section */
		30676FE6270C97D8003A31B9 /* PBXContainerItemProxy */ = {
			isa = PBXContainerItemProxy;
			containerPortal = 30676FC8270C97D6003A31B9 /* Project object */;
			proxyType = 1;
			remoteGlobalIDString = 30676FD4270C97D8003A31B9;
			remoteInfo = "Herbpt1_16S (iOS)";
		};
		30676FF2270C97D8003A31B9 /* PBXContainerItemProxy */ = {
			isa = PBXContainerItemProxy;
			containerPortal = 30676FC8270C97D6003A31B9 /* Project object */;
			proxyType = 1;
			remoteGlobalIDString = 30676FDC270C97D8003A31B9;
			remoteInfo = "Herbpt1_16S (macOS)";
		};
/* End PBXContainerItemProxy section */

/* Begin PBXFileReference section */
		30676FCD270C97D7003A31B9 /* Herbpt1_16SApp.swift */ = {isa = PBXFileReference; lastKnownFileType = sourcecode.swift; path = Herbpt1_16SApp.swift; sourceTree = "<group>"; };
		30676FCE270C97D7003A31B9 /* Herbpt1_16SDocument.swift */ = {isa = PBXFileReference; lastKnownFileType = sourcecode.swift; path = Herbpt1_16SDocument.swift; sourceTree = "<group>"; };
		30676FCF270C97D7003A31B9 /* ContentView.swift */ = {isa = PBXFileReference; lastKnownFileType = sourcecode.swift; path = ContentView.swift; sourceTree = "<group>"; };
		30676FD0270C97D8003A31B9 /* Assets.xcassets */ = {isa = PBXFileReference; lastKnownFileType = folder.assetcatalog; path = Assets.xcassets; sourceTree = "<group>"; };
		30676FD5270C97D8003A31B9 /* Herbpt1_16S.app */ = {isa = PBXFileReference; explicitFileType = wrapper.application; includeInIndex = 0; path = Herbpt1_16S.app; sourceTree = BUILT_PRODUCTS_DIR; };
		30676FD8270C97D8003A31B9 /* Info.plist */ = {isa = PBXFileReference; lastKnownFileType = text.plist.xml; path = Info.plist; sourceTree = "<group>"; };
		30676FDD270C97D8003A31B9 /* Herbpt1_16S.app */ = {isa = PBXFileReference; explicitFileType = wrapper.application; includeInIndex = 0; path = Herbpt1_16S.app; sourceTree = BUILT_PRODUCTS_DIR; };
		30676FDF270C97D8003A31B9 /* Info.plist */ = {isa = PBXFileReference; lastKnownFileType = text.plist.xml; path = Info.plist; sourceTree = "<group>"; };
		30676FE0270C97D8003A31B9 /* macOS.entitlements */ = {isa = PBXFileReference; lastKnownFileType = text.plist.entitlements; path = macOS.entitlements; sourceTree = "<group>"; };
		30676FE5270C97D8003A31B9 /* Tests iOS.xctest */ = {isa = PBXFileReference; explicitFileType = wrapper.cfbundle; includeInIndex = 0; path = "Tests iOS.xctest"; sourceTree = BUILT_PRODUCTS_DIR; };
		30676FE9270C97D8003A31B9 /* Tests_iOS.swift */ = {isa = PBXFileReference; lastKnownFileType = sourcecode.swift; path = Tests_iOS.swift; sourceTree = "<group>"; };
		30676FEB270C97D8003A31B9 /* Tests_iOSLaunchTests.swift */ = {isa = PBXFileReference; lastKnownFileType = sourcecode.swift; path = Tests_iOSLaunchTests.swift; sourceTree = "<group>"; };
		30676FF1270C97D8003A31B9 /* Tests macOS.xctest */ = {isa = PBXFileReference; explicitFileType = wrapper.cfbundle; includeInIndex = 0; path = "Tests macOS.xctest"; sourceTree = BUILT_PRODUCTS_DIR; };
		30676FF5270C97D8003A31B9 /* Tests_macOS.swift */ = {isa = PBXFileReference; lastKnownFileType = sourcecode.swift; path = Tests_macOS.swift; sourceTree = "<group>"; };
		30676FF7270C97D8003A31B9 /* Tests_macOSLaunchTests.swift */ = {isa = PBXFileReference; lastKnownFileType = sourcecode.swift; path = Tests_macOSLaunchTests.swift; sourceTree = "<group>"; };
/* End PBXFileReference section */

/* Begin PBXFrameworksBuildPhase section */
		30676FD2270C97D8003A31B9 /* Frameworks */ = {
			isa = PBXFrameworksBuildPhase;
			buildActionMask = 2147483647;
			files = (
			);
			runOnlyForDeploymentPostprocessing = 0;
		};
		30676FDA270C97D8003A31B9 /* Frameworks */ = {
			isa = PBXFrameworksBuildPhase;
			buildActionMask = 2147483647;
			files = (
			);
			runOnlyForDeploymentPostprocessing = 0;
		};
		30676FE2270C97D8003A31B9 /* Frameworks */ = {
			isa = PBXFrameworksBuildPhase;
			buildActionMask = 2147483647;
			files = (
			);
			runOnlyForDeploymentPostprocessing = 0;
		};
		30676FEE270C97D8003A31B9 /* Frameworks */ = {
			isa = PBXFrameworksBuildPhase;
			buildActionMask = 2147483647;
			files = (
			);
			runOnlyForDeploymentPostprocessing = 0;
		};
/* End PBXFrameworksBuildPhase section */

/* Begin PBXGroup section */
		30676FC7270C97D6003A31B9 = {
			isa = PBXGroup;
			children = (
				30676FCC270C97D7003A31B9 /* Shared */,
				30676FD7270C97D8003A31B9 /* iOS */,
				30676FDE270C97D8003A31B9 /* macOS */,
				30676FE8270C97D8003A31B9 /* Tests iOS */,
				30676FF4270C97D8003A31B9 /* Tests macOS */,
				30676FD6270C97D8003A31B9 /* Products */,
			);
			sourceTree = "<group>";
		};
		30676FCC270C97D7003A31B9 /* Shared */ = {
			isa = PBXGroup;
			children = (
				30676FCD270C97D7003A31B9 /* Herbpt1_16SApp.swift */,
				30676FCE270C97D7003A31B9 /* Herbpt1_16SDocument.swift */,
				30676FCF270C97D7003A31B9 /* ContentView.swift */,
				30676FD0270C97D8003A31B9 /* Assets.xcassets */,
			);
			path = Shared;
			sourceTree = "<group>";
		};
		30676FD6270C97D8003A31B9 /* Products */ = {
			isa = PBXGroup;
			children = (
				30676FD5270C97D8003A31B9 /* Herbpt1_16S.app */,
				30676FDD270C97D8003A31B9 /* Herbpt1_16S.app */,
				30676FE5270C97D8003A31B9 /* Tests iOS.xctest */,
				30676FF1270C97D8003A31B9 /* Tests macOS.xctest */,
			);
			name = Products;
			sourceTree = "<group>";
		};
		30676FD7270C97D8003A31B9 /* iOS */ = {
			isa = PBXGroup;
			children = (
				30676FD8270C97D8003A31B9 /* Info.plist */,
			);
			path = iOS;
			sourceTree = "<group>";
		};
		30676FDE270C97D8003A31B9 /* macOS */ = {
			isa = PBXGroup;
			children = (
				30676FDF270C97D8003A31B9 /* Info.plist */,
				30676FE0270C97D8003A31B9 /* macOS.entitlements */,
			);
			path = macOS;
			sourceTree = "<group>";
		};
		30676FE8270C97D8003A31B9 /* Tests iOS */ = {
			isa = PBXGroup;
			children = (
				30676FE9270C97D8003A31B9 /* Tests_iOS.swift */,
				30676FEB270C97D8003A31B9 /* Tests_iOSLaunchTests.swift */,
			);
			path = "Tests iOS";
			sourceTree = "<group>";
		};
		30676FF4270C97D8003A31B9 /* Tests macOS */ = {
			isa = PBXGroup;
			children = (
				30676FF5270C97D8003A31B9 /* Tests_macOS.swift */,
				30676FF7270C97D8003A31B9 /* Tests_macOSLaunchTests.swift */,
			);
			path = "Tests macOS";
			sourceTree = "<group>";
		};
/* End PBXGroup section */

/* Begin PBXNativeTarget section */
		30676FD4270C97D8003A31B9 /* Herbpt1_16S (iOS) */ = {
			isa = PBXNativeTarget;
			buildConfigurationList = 30677003270C97D8003A31B9 /* Build configuration list for PBXNativeTarget "Herbpt1_16S (iOS)" */;
			buildPhases = (
				30676FD1270C97D8003A31B9 /* Sources */,
				30676FD2270C97D8003A31B9 /* Frameworks */,
				30676FD3270C97D8003A31B9 /* Resources */,
			);
			buildRules = (
			);
			dependencies = (
			);
			name = "Herbpt1_16S (iOS)";
			productName = "Herbpt1_16S (iOS)";
			productReference = 30676FD5270C97D8003A31B9 /* Herbpt1_16S.app */;
			productType = "com.apple.product-type.application";
		};
		30676FDC270C97D8003A31B9 /* Herbpt1_16S (macOS) */ = {
			isa = PBXNativeTarget;
			buildConfigurationList = 30677006270C97D8003A31B9 /* Build configuration list for PBXNativeTarget "Herbpt1_16S (macOS)" */;
			buildPhases = (
				30676FD9270C97D8003A31B9 /* Sources */,
				30676FDA270C97D8003A31B9 /* Frameworks */,
				30676FDB270C97D8003A31B9 /* Resources */,
			);
			buildRules = (
			);
			dependencies = (
			);
			name = "Herbpt1_16S (macOS)";
			productName = "Herbpt1_16S (macOS)";
			productReference = 30676FDD270C97D8003A31B9 /* Herbpt1_16S.app */;
			productType = "com.apple.product-type.application";
		};
		30676FE4270C97D8003A31B9 /* Tests iOS */ = {
			isa = PBXNativeTarget;
			buildConfigurationList = 30677009270C97D8003A31B9 /* Build configuration list for PBXNativeTarget "Tests iOS" */;
			buildPhases = (
				30676FE1270C97D8003A31B9 /* Sources */,
				30676FE2270C97D8003A31B9 /* Frameworks */,
				30676FE3270C97D8003A31B9 /* Resources */,
			);
			buildRules = (
			);
			dependencies = (
				30676FE7270C97D8003A31B9 /* PBXTargetDependency */,
			);
			name = "Tests iOS";
			productName = "Tests iOS";
			productReference = 30676FE5270C97D8003A31B9 /* Tests iOS.xctest */;
			productType = "com.apple.product-type.bundle.ui-testing";
		};
		30676FF0270C97D8003A31B9 /* Tests macOS */ = {
			isa = PBXNativeTarget;
			buildConfigurationList = 3067700C270C97D8003A31B9 /* Build configuration list for PBXNativeTarget "Tests macOS" */;
			buildPhases = (
				30676FED270C97D8003A31B9 /* Sources */,
				30676FEE270C97D8003A31B9 /* Frameworks */,
				30676FEF270C97D8003A31B9 /* Resources */,
			);
			buildRules = (
			);
			dependencies = (
				30676FF3270C97D8003A31B9 /* PBXTargetDependency */,
			);
			name = "Tests macOS";
			productName = "Tests macOS";
			productReference = 30676FF1270C97D8003A31B9 /* Tests macOS.xctest */;
			productType = "com.apple.product-type.bundle.ui-testing";
		};
/* End PBXNativeTarget section */

/* Begin PBXProject section */
		30676FC8270C97D6003A31B9 /* Project object */ = {
			isa = PBXProject;
			attributes = {
				BuildIndependentTargetsInParallel = 1;
				LastSwiftUpdateCheck = 1300;
				LastUpgradeCheck = 1300;
				TargetAttributes = {
					30676FD4270C97D8003A31B9 = {
						CreatedOnToolsVersion = 13.0;
					};
					30676FDC270C97D8003A31B9 = {
						CreatedOnToolsVersion = 13.0;
					};
					30676FE4270C97D8003A31B9 = {
						CreatedOnToolsVersion = 13.0;
						TestTargetID = 30676FD4270C97D8003A31B9;
					};
					30676FF0270C97D8003A31B9 = {
						CreatedOnToolsVersion = 13.0;
						TestTargetID = 30676FDC270C97D8003A31B9;
					};
				};
			};
			buildConfigurationList = 30676FCB270C97D6003A31B9 /* Build configuration list for PBXProject "Herbpt1_16S" */;
			compatibilityVersion = "Xcode 13.0";
			developmentRegion = en;
			hasScannedForEncodings = 0;
			knownRegions = (
				en,
				Base,
			);
			mainGroup = 30676FC7270C97D6003A31B9;
			productRefGroup = 30676FD6270C97D8003A31B9 /* Products */;
			projectDirPath = "";
			projectRoot = "";
			targets = (
				30676FD4270C97D8003A31B9 /* Herbpt1_16S (iOS) */,
				30676FDC270C97D8003A31B9 /* Herbpt1_16S (macOS) */,
				30676FE4270C97D8003A31B9 /* Tests iOS */,
				30676FF0270C97D8003A31B9 /* Tests macOS */,
			);
		};
/* End PBXProject section */

/* Begin PBXResourcesBuildPhase section */
		30676FD3270C97D8003A31B9 /* Resources */ = {
			isa = PBXResourcesBuildPhase;
			buildActionMask = 2147483647;
			files = (
				30676FFF270C97D8003A31B9 /* Assets.xcassets in Resources */,
			);
			runOnlyForDeploymentPostprocessing = 0;
		};
		30676FDB270C97D8003A31B9 /* Resources */ = {
			isa = PBXResourcesBuildPhase;
			buildActionMask = 2147483647;
			files = (
				30677000270C97D8003A31B9 /* Assets.xcassets in Resources */,
			);
			runOnlyForDeploymentPostprocessing = 0;
		};
		30676FE3270C97D8003A31B9 /* Resources */ = {
			isa = PBXResourcesBuildPhase;
			buildActionMask = 2147483647;
			files = (
			);
			runOnlyForDeploymentPostprocessing = 0;
		};
		30676FEF270C97D8003A31B9 /* Resources */ = {
			isa = PBXResourcesBuildPhase;
			buildActionMask = 2147483647;
			files = (
			);
			runOnlyForDeploymentPostprocessing = 0;
		};
/* End PBXResourcesBuildPhase section */

/* Begin PBXSourcesBuildPhase section */
		30676FD1270C97D8003A31B9 /* Sources */ = {
			isa = PBXSourcesBuildPhase;
			buildActionMask = 2147483647;
			files = (
				30676FFB270C97D8003A31B9 /* Herbpt1_16SDocument.swift in Sources */,
				30676FF9270C97D8003A31B9 /* Herbpt1_16SApp.swift in Sources */,
				30676FFD270C97D8003A31B9 /* ContentView.swift in Sources */,
			);
			runOnlyForDeploymentPostprocessing = 0;
		};
		30676FD9270C97D8003A31B9 /* Sources */ = {
			isa = PBXSourcesBuildPhase;
			buildActionMask = 2147483647;
			files = (
				30676FFC270C97D8003A31B9 /* Herbpt1_16SDocument.swift in Sources */,
				30676FFA270C97D8003A31B9 /* Herbpt1_16SApp.swift in Sources */,
				30676FFE270C97D8003A31B9 /* ContentView.swift in Sources */,
			);
			runOnlyForDeploymentPostprocessing = 0;
		};
		30676FE1270C97D8003A31B9 /* Sources */ = {
			isa = PBXSourcesBuildPhase;
			buildActionMask = 2147483647;
			files = (
				30676FEC270C97D8003A31B9 /* Tests_iOSLaunchTests.swift in Sources */,
				30676FEA270C97D8003A31B9 /* Tests_iOS.swift in Sources */,
			);
			runOnlyForDeploymentPostprocessing = 0;
		};
		30676FED270C97D8003A31B9 /* Sources */ = {
			isa = PBXSourcesBuildPhase;
			buildActionMask = 2147483647;
			files = (
				30676FF8270C97D8003A31B9 /* Tests_macOSLaunchTests.swift in Sources */,
				30676FF6270C97D8003A31B9 /* Tests_macOS.swift in Sources */,
			);
			runOnlyForDeploymentPostprocessing = 0;
		};
/* End PBXSourcesBuildPhase section */

/* Begin PBXTargetDependency section */
		30676FE7270C97D8003A31B9 /* PBXTargetDependency */ = {
			isa = PBXTargetDependency;
			target = 30676FD4270C97D8003A31B9 /* Herbpt1_16S (iOS) */;
			targetProxy = 30676FE6270C97D8003A31B9 /* PBXContainerItemProxy */;
		};
		30676FF3270C97D8003A31B9 /* PBXTargetDependency */ = {
			isa = PBXTargetDependency;
			target = 30676FDC270C97D8003A31B9 /* Herbpt1_16S (macOS) */;
			targetProxy = 30676FF2270C97D8003A31B9 /* PBXContainerItemProxy */;
		};
/* End PBXTargetDependency section */

/* Begin XCBuildConfiguration section */
		30677001270C97D8003A31B9 /* Debug */ = {
			isa = XCBuildConfiguration;
			buildSettings = {
				ALWAYS_SEARCH_USER_PATHS = NO;
				CLANG_ANALYZER_NONNULL = YES;
				CLANG_ANALYZER_NUMBER_OBJECT_CONVERSION = YES_AGGRESSIVE;
				CLANG_CXX_LANGUAGE_STANDARD = "gnu++17";
				CLANG_CXX_LIBRARY = "libc++";
				CLANG_ENABLE_MODULES = YES;
				CLANG_ENABLE_OBJC_ARC = YES;
				CLANG_ENABLE_OBJC_WEAK = YES;
				CLANG_WARN_BLOCK_CAPTURE_AUTORELEASING = YES;
				CLANG_WARN_BOOL_CONVERSION = YES;
				CLANG_WARN_COMMA = YES;
				CLANG_WARN_CONSTANT_CONVERSION = YES;
				CLANG_WARN_DEPRECATED_OBJC_IMPLEMENTATIONS = YES;
				CLANG_WARN_DIRECT_OBJC_ISA_USAGE = YES_ERROR;
				CLANG_WARN_DOCUMENTATION_COMMENTS = YES;
				CLANG_WARN_EMPTY_BODY = YES;
				CLANG_WARN_ENUM_CONVERSION = YES;
				CLANG_WARN_INFINITE_RECURSION = YES;
				CLANG_WARN_INT_CONVERSION = YES;
				CLANG_WARN_NON_LITERAL_NULL_CONVERSION = YES;
				CLANG_WARN_OBJC_IMPLICIT_RETAIN_SELF = YES;
				CLANG_WARN_OBJC_LITERAL_CONVERSION = YES;
				CLANG_WARN_OBJC_ROOT_CLASS = YES_ERROR;
				CLANG_WARN_QUOTED_INCLUDE_IN_FRAMEWORK_HEADER = YES;
				CLANG_WARN_RANGE_LOOP_ANALYSIS = YES;
				CLANG_WARN_STRICT_PROTOTYPES = YES;
				CLANG_WARN_SUSPICIOUS_MOVE = YES;
				CLANG_WARN_UNGUARDED_AVAILABILITY = YES_AGGRESSIVE;
				CLANG_WARN_UNREACHABLE_CODE = YES;
				CLANG_WARN__DUPLICATE_METHOD_MATCH = YES;
				COPY_PHASE_STRIP = NO;
				DEBUG_INFORMATION_FORMAT = dwarf;
				ENABLE_STRICT_OBJC_MSGSEND = YES;
				ENABLE_TESTABILITY = YES;
				GCC_C_LANGUAGE_STANDARD = gnu11;
				GCC_DYNAMIC_NO_PIC = NO;
				GCC_NO_COMMON_BLOCKS = YES;
				GCC_OPTIMIZATION_LEVEL = 0;
				GCC_PREPROCESSOR_DEFINITIONS = (
					"DEBUG=1",
					"$(inherited)",
				);
				GCC_WARN_64_TO_32_BIT_CONVERSION = YES;
				GCC_WARN_ABOUT_RETURN_TYPE = YES_ERROR;
				GCC_WARN_UNDECLARED_SELECTOR = YES;
				GCC_WARN_UNINITIALIZED_AUTOS = YES_AGGRESSIVE;
				GCC_WARN_UNUSED_FUNCTION = YES;
				GCC_WARN_UNUSED_VARIABLE = YES;
				MTL_ENABLE_DEBUG_INFO = INCLUDE_SOURCE;
				MTL_FAST_MATH = YES;
				ONLY_ACTIVE_ARCH = YES;
				SWIFT_ACTIVE_COMPILATION_CONDITIONS = DEBUG;
				SWIFT_OPTIMIZATION_LEVEL = "-Onone";
			};
			name = Debug;
		};
		30677002270C97D8003A31B9 /* Release */ = {
			isa = XCBuildConfiguration;
			buildSettings = {
				ALWAYS_SEARCH_USER_PATHS = NO;
				CLANG_ANALYZER_NONNULL = YES;
				CLANG_ANALYZER_NUMBER_OBJECT_CONVERSION = YES_AGGRESSIVE;
				CLANG_CXX_LANGUAGE_STANDARD = "gnu++17";
				CLANG_CXX_LIBRARY = "libc++";
				CLANG_ENABLE_MODULES = YES;
				CLANG_ENABLE_OBJC_ARC = YES;
				CLANG_ENABLE_OBJC_WEAK = YES;
				CLANG_WARN_BLOCK_CAPTURE_AUTORELEASING = YES;
				CLANG_WARN_BOOL_CONVERSION = YES;
				CLANG_WARN_COMMA = YES;
				CLANG_WARN_CONSTANT_CONVERSION = YES;
				CLANG_WARN_DEPRECATED_OBJC_IMPLEMENTATIONS = YES;
				CLANG_WARN_DIRECT_OBJC_ISA_USAGE = YES_ERROR;
				CLANG_WARN_DOCUMENTATION_COMMENTS = YES;
				CLANG_WARN_EMPTY_BODY = YES;
				CLANG_WARN_ENUM_CONVERSION = YES;
				CLANG_WARN_INFINITE_RECURSION = YES;
				CLANG_WARN_INT_CONVERSION = YES;
				CLANG_WARN_NON_LITERAL_NULL_CONVERSION = YES;
				CLANG_WARN_OBJC_IMPLICIT_RETAIN_SELF = YES;
				CLANG_WARN_OBJC_LITERAL_CONVERSION = YES;
				CLANG_WARN_OBJC_ROOT_CLASS = YES_ERROR;
				CLANG_WARN_QUOTED_INCLUDE_IN_FRAMEWORK_HEADER = YES;
				CLANG_WARN_RANGE_LOOP_ANALYSIS = YES;
				CLANG_WARN_STRICT_PROTOTYPES = YES;
				CLANG_WARN_SUSPICIOUS_MOVE = YES;
				CLANG_WARN_UNGUARDED_AVAILABILITY = YES_AGGRESSIVE;
				CLANG_WARN_UNREACHABLE_CODE = YES;
				CLANG_WARN__DUPLICATE_METHOD_MATCH = YES;
				COPY_PHASE_STRIP = NO;
				DEBUG_INFORMATION_FORMAT = "dwarf-with-dsym";
				ENABLE_NS_ASSERTIONS = NO;
				ENABLE_STRICT_OBJC_MSGSEND = YES;
				GCC_C_LANGUAGE_STANDARD = gnu11;
				GCC_NO_COMMON_BLOCKS = YES;
				GCC_WARN_64_TO_32_BIT_CONVERSION = YES;
				GCC_WARN_ABOUT_RETURN_TYPE = YES_ERROR;
				GCC_WARN_UNDECLARED_SELECTOR = YES;
				GCC_WARN_UNINITIALIZED_AUTOS = YES_AGGRESSIVE;
				GCC_WARN_UNUSED_FUNCTION = YES;
				GCC_WARN_UNUSED_VARIABLE = YES;
				MTL_ENABLE_DEBUG_INFO = NO;
				MTL_FAST_MATH = YES;
				SWIFT_COMPILATION_MODE = wholemodule;
				SWIFT_OPTIMIZATION_LEVEL = "-O";
			};
			name = Release;
		};
		30677004270C97D8003A31B9 /* Debug */ = {
			isa = XCBuildConfiguration;
			buildSettings = {
				ASSETCATALOG_COMPILER_APPICON_NAME = AppIcon;
				ASSETCATALOG_COMPILER_GLOBAL_ACCENT_COLOR_NAME = AccentColor;
				CODE_SIGN_STYLE = Automatic;
				CURRENT_PROJECT_VERSION = 1;
				ENABLE_PREVIEWS = YES;
				GENERATE_INFOPLIST_FILE = YES;
				INFOPLIST_FILE = iOS/Info.plist;
				INFOPLIST_KEY_LSSupportsOpeningDocumentsInPlace = YES;
				INFOPLIST_KEY_UIApplicationSceneManifest_Generation = YES;
				INFOPLIST_KEY_UIApplicationSupportsIndirectInputEvents = YES;
				INFOPLIST_KEY_UILaunchScreen_Generation = YES;
				INFOPLIST_KEY_UISupportedInterfaceOrientations_iPad = "UIInterfaceOrientationPortrait UIInterfaceOrientationPortraitUpsideDown UIInterfaceOrientationLandscapeLeft UIInterfaceOrientationLandscapeRight";
				INFOPLIST_KEY_UISupportedInterfaceOrientations_iPhone = "UIInterfaceOrientationPortrait UIInterfaceOrientationLandscapeLeft UIInterfaceOrientationLandscapeRight";
				INFOPLIST_KEY_UISupportsDocumentBrowser = YES;
				IPHONEOS_DEPLOYMENT_TARGET = 14.0;
				LD_RUNPATH_SEARCH_PATHS = (
					"$(inherited)",
					"@executable_path/Frameworks",
				);
				MARKETING_VERSION = 1.0;
				PRODUCT_BUNDLE_IDENTIFIER = "GC.Herbpt1-16S";
				PRODUCT_NAME = Herbpt1_16S;
				SDKROOT = iphoneos;
				SWIFT_EMIT_LOC_STRINGS = YES;
				SWIFT_VERSION = 5.0;
				TARGETED_DEVICE_FAMILY = "1,2";
			};
			name = Debug;
		};
		30677005270C97D8003A31B9 /* Release */ = {
			isa = XCBuildConfiguration;
			buildSettings = {
				ASSETCATALOG_COMPILER_APPICON_NAME = AppIcon;
				ASSETCATALOG_COMPILER_GLOBAL_ACCENT_COLOR_NAME = AccentColor;
				CODE_SIGN_STYLE = Automatic;
				CURRENT_PROJECT_VERSION = 1;
				ENABLE_PREVIEWS = YES;
				GENERATE_INFOPLIST_FILE = YES;
				INFOPLIST_FILE = iOS/Info.plist;
				INFOPLIST_KEY_LSSupportsOpeningDocumentsInPlace = YES;
				INFOPLIST_KEY_UIApplicationSceneManifest_Generation = YES;
				INFOPLIST_KEY_UIApplicationSupportsIndirectInputEvents = YES;
				INFOPLIST_KEY_UILaunchScreen_Generation = YES;
				INFOPLIST_KEY_UISupportedInterfaceOrientations_iPad = "UIInterfaceOrientationPortrait UIInterfaceOrientationPortraitUpsideDown UIInterfaceOrientationLandscapeLeft UIInterfaceOrientationLandscapeRight";
				INFOPLIST_KEY_UISupportedInterfaceOrientations_iPhone = "UIInterfaceOrientationPortrait UIInterfaceOrientationLandscapeLeft UIInterfaceOrientationLandscapeRight";
				INFOPLIST_KEY_UISupportsDocumentBrowser = YES;
				IPHONEOS_DEPLOYMENT_TARGET = 14.0;
				LD_RUNPATH_SEARCH_PATHS = (
					"$(inherited)",
					"@executable_path/Frameworks",
				);
				MARKETING_VERSION = 1.0;
				PRODUCT_BUNDLE_IDENTIFIER = "GC.Herbpt1-16S";
				PRODUCT_NAME = Herbpt1_16S;
				SDKROOT = iphoneos;
				SWIFT_EMIT_LOC_STRINGS = YES;
				SWIFT_VERSION = 5.0;
				TARGETED_DEVICE_FAMILY = "1,2";
				VALIDATE_PRODUCT = YES;
			};
			name = Release;
		};
		30677007270C97D8003A31B9 /* Debug */ = {
			isa = XCBuildConfiguration;
			buildSettings = {
				ASSETCATALOG_COMPILER_APPICON_NAME = AppIcon;
				ASSETCATALOG_COMPILER_GLOBAL_ACCENT_COLOR_NAME = AccentColor;
				CODE_SIGN_ENTITLEMENTS = macOS/macOS.entitlements;
				CODE_SIGN_STYLE = Automatic;
				COMBINE_HIDPI_IMAGES = YES;
				CURRENT_PROJECT_VERSION = 1;
				ENABLE_PREVIEWS = YES;
				GENERATE_INFOPLIST_FILE = YES;
				INFOPLIST_FILE = macOS/Info.plist;
				INFOPLIST_KEY_NSHumanReadableCopyright = "";
				LD_RUNPATH_SEARCH_PATHS = (
					"$(inherited)",
					"@executable_path/../Frameworks",
				);
				MACOSX_DEPLOYMENT_TARGET = 11.0;
				MARKETING_VERSION = 1.0;
				PRODUCT_BUNDLE_IDENTIFIER = "GC.Herbpt1-16S";
				PRODUCT_NAME = Herbpt1_16S;
				SDKROOT = macosx;
				SWIFT_EMIT_LOC_STRINGS = YES;
				SWIFT_VERSION = 5.0;
			};
			name = Debug;
		};
		30677008270C97D8003A31B9 /* Release */ = {
			isa = XCBuildConfiguration;
			buildSettings = {
				ASSETCATALOG_COMPILER_APPICON_NAME = AppIcon;
				ASSETCATALOG_COMPILER_GLOBAL_ACCENT_COLOR_NAME = AccentColor;
				CODE_SIGN_ENTITLEMENTS = macOS/macOS.entitlements;
				CODE_SIGN_STYLE = Automatic;
				COMBINE_HIDPI_IMAGES = YES;
				CURRENT_PROJECT_VERSION = 1;
				ENABLE_PREVIEWS = YES;
				GENERATE_INFOPLIST_FILE = YES;
				INFOPLIST_FILE = macOS/Info.plist;
				INFOPLIST_KEY_NSHumanReadableCopyright = "";
				LD_RUNPATH_SEARCH_PATHS = (
					"$(inherited)",
					"@executable_path/../Frameworks",
				);
				MACOSX_DEPLOYMENT_TARGET = 11.0;
				MARKETING_VERSION = 1.0;
				PRODUCT_BUNDLE_IDENTIFIER = "GC.Herbpt1-16S";
				PRODUCT_NAME = Herbpt1_16S;
				SDKROOT = macosx;
				SWIFT_EMIT_LOC_STRINGS = YES;
				SWIFT_VERSION = 5.0;
			};
			name = Release;
		};
		3067700A270C97D8003A31B9 /* Debug */ = {
			isa = XCBuildConfiguration;
			buildSettings = {
				ALWAYS_EMBED_SWIFT_STANDARD_LIBRARIES = YES;
				CODE_SIGN_STYLE = Automatic;
				CURRENT_PROJECT_VERSION = 1;
				GENERATE_INFOPLIST_FILE = YES;
				IPHONEOS_DEPLOYMENT_TARGET = 15.0;
				LD_RUNPATH_SEARCH_PATHS = (
					"$(inherited)",
					"@executable_path/Frameworks",
					"@loader_path/Frameworks",
				);
				MARKETING_VERSION = 1.0;
				PRODUCT_BUNDLE_IDENTIFIER = "GC.Tests-iOS";
				PRODUCT_NAME = "$(TARGET_NAME)";
				SDKROOT = iphoneos;
				SWIFT_EMIT_LOC_STRINGS = NO;
				SWIFT_VERSION = 5.0;
				TARGETED_DEVICE_FAMILY = "1,2";
				TEST_TARGET_NAME = "Herbpt1_16S (iOS)";
			};
			name = Debug;
		};
		3067700B270C97D8003A31B9 /* Release */ = {
			isa = XCBuildConfiguration;
			buildSettings = {
				ALWAYS_EMBED_SWIFT_STANDARD_LIBRARIES = YES;
				CODE_SIGN_STYLE = Automatic;
				CURRENT_PROJECT_VERSION = 1;
				GENERATE_INFOPLIST_FILE = YES;
				IPHONEOS_DEPLOYMENT_TARGET = 15.0;
				LD_RUNPATH_SEARCH_PATHS = (
					"$(inherited)",
					"@executable_path/Frameworks",
					"@loader_path/Frameworks",
				);
				MARKETING_VERSION = 1.0;
				PRODUCT_BUNDLE_IDENTIFIER = "GC.Tests-iOS";
				PRODUCT_NAME = "$(TARGET_NAME)";
				SDKROOT = iphoneos;
				SWIFT_EMIT_LOC_STRINGS = NO;
				SWIFT_VERSION = 5.0;
				TARGETED_DEVICE_FAMILY = "1,2";
				TEST_TARGET_NAME = "Herbpt1_16S (iOS)";
				VALIDATE_PRODUCT = YES;
			};
			name = Release;
		};
		3067700D270C97D8003A31B9 /* Debug */ = {
			isa = XCBuildConfiguration;
			buildSettings = {
				ALWAYS_EMBED_SWIFT_STANDARD_LIBRARIES = YES;
				CODE_SIGN_STYLE = Automatic;
				COMBINE_HIDPI_IMAGES = YES;
				CURRENT_PROJECT_VERSION = 1;
				GENERATE_INFOPLIST_FILE = YES;
				LD_RUNPATH_SEARCH_PATHS = (
					"$(inherited)",
					"@executable_path/../Frameworks",
					"@loader_path/../Frameworks",
				);
				MACOSX_DEPLOYMENT_TARGET = 11.3;
				MARKETING_VERSION = 1.0;
				PRODUCT_BUNDLE_IDENTIFIER = "GC.Tests-macOS";
				PRODUCT_NAME = "$(TARGET_NAME)";
				SDKROOT = macosx;
				SWIFT_EMIT_LOC_STRINGS = NO;
				SWIFT_VERSION = 5.0;
				TEST_TARGET_NAME = "Herbpt1_16S (macOS)";
			};
			name = Debug;
		};
		3067700E270C97D8003A31B9 /* Release */ = {
			isa = XCBuildConfiguration;
			buildSettings = {
				ALWAYS_EMBED_SWIFT_STANDARD_LIBRARIES = YES;
				CODE_SIGN_STYLE = Automatic;
				COMBINE_HIDPI_IMAGES = YES;
				CURRENT_PROJECT_VERSION = 1;
				GENERATE_INFOPLIST_FILE = YES;
				LD_RUNPATH_SEARCH_PATHS = (
					"$(inherited)",
					"@executable_path/../Frameworks",
					"@loader_path/../Frameworks",
				);
				MACOSX_DEPLOYMENT_TARGET = 11.3;
				MARKETING_VERSION = 1.0;
				PRODUCT_BUNDLE_IDENTIFIER = "GC.Tests-macOS";
				PRODUCT_NAME = "$(TARGET_NAME)";
				SDKROOT = macosx;
				SWIFT_EMIT_LOC_STRINGS = NO;
				SWIFT_VERSION = 5.0;
				TEST_TARGET_NAME = "Herbpt1_16S (macOS)";
			};
			name = Release;
		};
/* End XCBuildConfiguration section */

/* Begin XCConfigurationList section */
		30676FCB270C97D6003A31B9 /* Build configuration list for PBXProject "Herbpt1_16S" */ = {
			isa = XCConfigurationList;
			buildConfigurations = (
				30677001270C97D8003A31B9 /* Debug */,
				30677002270C97D8003A31B9 /* Release */,
			);
			defaultConfigurationIsVisible = 0;
			defaultConfigurationName = Release;
		};
		30677003270C97D8003A31B9 /* Build configuration list for PBXNativeTarget "Herbpt1_16S (iOS)" */ = {
			isa = XCConfigurationList;
			buildConfigurations = (
				30677004270C97D8003A31B9 /* Debug */,
				30677005270C97D8003A31B9 /* Release */,
			);
			defaultConfigurationIsVisible = 0;
			defaultConfigurationName = Release;
		};
		30677006270C97D8003A31B9 /* Build configuration list for PBXNativeTarget "Herbpt1_16S (macOS)" */ = {
			isa = XCConfigurationList;
			buildConfigurations = (
				30677007270C97D8003A31B9 /* Debug */,
				30677008270C97D8003A31B9 /* Release */,
			);
			defaultConfigurationIsVisible = 0;
			defaultConfigurationName = Release;
		};
		30677009270C97D8003A31B9 /* Build configuration list for PBXNativeTarget "Tests iOS" */ = {
			isa = XCConfigurationList;
			buildConfigurations = (
				3067700A270C97D8003A31B9 /* Debug */,
				3067700B270C97D8003A31B9 /* Release */,
			);
			defaultConfigurationIsVisible = 0;
			defaultConfigurationName = Release;
		};
		3067700C270C97D8003A31B9 /* Build configuration list for PBXNativeTarget "Tests macOS" */ = {
			isa = XCConfigurationList;
			buildConfigurations = (
				3067700D270C97D8003A31B9 /* Debug */,
				3067700E270C97D8003A31B9 /* Release */,
			);
			defaultConfigurationIsVisible = 0;
			defaultConfigurationName = Release;
		};
/* End XCConfigurationList section */
	};
	rootObject = 30676FC8270C97D6003A31B9 /* Project object */;
}
